
Microsoft Visual Studio Solution File, Format Version 12.00
# Visual Studio Version 17
VisualStudioVersion = 17.6.33801.468
MinimumVisualStudioVersion = 10.0.40219.1
Project("{FAE04EC0-301F-11D3-BF4B-00C04F79EFBC}") = "Media Zad3", "Media Zad3\Media Zad3.csproj", "{A48DFB65-52AD-4C5C-81F8-D0C752EA1B37}"
EndProject
Global
	GlobalSection(SolutionConfigurationPlatforms) = preSolution
		Debug|Any CPU = Debug|Any CPU
		Release|Any CPU = Release|Any CPU
	EndGlobalSection
	GlobalSection(ProjectConfigurationPlatforms) = postSolution
		{A48DFB65-52AD-4C5C-81F8-D0C752EA1B37}.Debug|Any CPU.ActiveCfg = Debug|Any CPU
		{A48DFB65-52AD-4C5C-81F8-D0C752EA1B37}.Debug|Any CPU.Build.0 = Debug|Any CPU
		{A48DFB65-52AD-4C5C-81F8-D0C752EA1B37}.Release|Any CPU.ActiveCfg = Release|Any CPU
		{A48DFB65-52AD-4C5C-81F8-D0C752EA1B37}.Release|Any CPU.Build.0 = Release|Any CPU
	EndGlobalSection
	GlobalSection(SolutionProperties) = preSolution
		HideSolutionNode = FALSE
	EndGlobalSection
	GlobalSection(ExtensibilityGlobals) = postSolution
		SolutionGuid = {B9840476-5CE9-4D50-9979-21FA0F9B07A6}
	EndGlobalSection
EndGlobal
